
Microsoft Visual Studio Solution File, Format Version 12.00
# Visual Studio Version 17
VisualStudioVersion = 17.0.31903.59
MinimumVisualStudioVersion = 10.0.40219.1
Project("{2150E333-8FDC-42A3-9474-1A3956D46DE8}") = "src", "src", "{5AE1CC15-4436-41A2-9EA0-77C2D195C638}"
EndProject
Project("{FAE04EC0-301F-11D3-BF4B-00C04F79EFBC}") = "GloryECommerce.Application", "src\GloryECommerce.Application\GloryECommerce.Application.csproj", "{5EC563FD-2778-4461-A779-0CC86FDC705A}"
EndProject
Project("{FAE04EC0-301F-11D3-BF4B-00C04F79EFBC}") = "GloryECommerce.Domain", "src\GloryECommerce.Domain\GloryECommerce.Domain.csproj", "{A203F2B7-173E-427A-A5CC-8F93641098ED}"
EndProject
Project("{FAE04EC0-301F-11D3-BF4B-00C04F79EFBC}") = "GloryECommerce.Infrastructure", "src\GloryECommerce.Infrastructure\GloryECommerce.Infrastructure.csproj", "{A461730F-6B9C-41BB-862E-13AF364B0F3E}"
EndProject
Project("{2150E333-8FDC-42A3-9474-1A3956D46DE8}") = "GloryECommerce.Presentation", "GloryECommerce.Presentation", "{B5B23705-D7F2-45C9-8443-473A84150E7B}"
EndProject
Project("{FAE04EC0-301F-11D3-BF4B-00C04F79EFBC}") = "GloryECommerce.Web", "src\GloryECommerce.Presentation\GloryECommerce.Web\GloryECommerce.Web.csproj", "{CF984F6A-3D05-4049-80C3-928C0DB6992A}"
EndProject
Project("{FAE04EC0-301F-11D3-BF4B-00C04F79EFBC}") = "GloryECommerce.WebAPI", "src\GloryECommerce.Presentation\GloryECommerce.WebAPI\GloryECommerce.WebAPI.csproj", "{662B6B34-4C45-497F-BECC-F39E2719A7E4}"
EndProject
Project("{FAE04EC0-301F-11D3-BF4B-00C04F79EFBC}") = "GloryECommerce.BlazorAdminDashboard", "src\GloryECommerce.Presentation\GloryECommerce.BlazorAdminDashboard\GloryECommerce.BlazorAdminDashboard.csproj", "{3CCEF42A-6A03-4A6D-9D31-A5539F19EBCD}"
EndProject
Global
	GlobalSection(SolutionConfigurationPlatforms) = preSolution
		Debug|Any CPU = Debug|Any CPU
		Release|Any CPU = Release|Any CPU
	EndGlobalSection
	GlobalSection(ProjectConfigurationPlatforms) = postSolution
		{5EC563FD-2778-4461-A779-0CC86FDC705A}.Debug|Any CPU.ActiveCfg = Debug|Any CPU
		{5EC563FD-2778-4461-A779-0CC86FDC705A}.Debug|Any CPU.Build.0 = Debug|Any CPU
		{5EC563FD-2778-4461-A779-0CC86FDC705A}.Release|Any CPU.ActiveCfg = Release|Any CPU
		{5EC563FD-2778-4461-A779-0CC86FDC705A}.Release|Any CPU.Build.0 = Release|Any CPU
		{A203F2B7-173E-427A-A5CC-8F93641098ED}.Debug|Any CPU.ActiveCfg = Debug|Any CPU
		{A203F2B7-173E-427A-A5CC-8F93641098ED}.Debug|Any CPU.Build.0 = Debug|Any CPU
		{A203F2B7-173E-427A-A5CC-8F93641098ED}.Release|Any CPU.ActiveCfg = Release|Any CPU
		{A203F2B7-173E-427A-A5CC-8F93641098ED}.Release|Any CPU.Build.0 = Release|Any CPU
		{A461730F-6B9C-41BB-862E-13AF364B0F3E}.Debug|Any CPU.ActiveCfg = Debug|Any CPU
		{A461730F-6B9C-41BB-862E-13AF364B0F3E}.Debug|Any CPU.Build.0 = Debug|Any CPU
		{A461730F-6B9C-41BB-862E-13AF364B0F3E}.Release|Any CPU.ActiveCfg = Release|Any CPU
		{A461730F-6B9C-41BB-862E-13AF364B0F3E}.Release|Any CPU.Build.0 = Release|Any CPU
		{CF984F6A-3D05-4049-80C3-928C0DB6992A}.Debug|Any CPU.ActiveCfg = Debug|Any CPU
		{CF984F6A-3D05-4049-80C3-928C0DB6992A}.Debug|Any CPU.Build.0 = Debug|Any CPU
		{CF984F6A-3D05-4049-80C3-928C0DB6992A}.Release|Any CPU.ActiveCfg = Release|Any CPU
		{CF984F6A-3D05-4049-80C3-928C0DB6992A}.Release|Any CPU.Build.0 = Release|Any CPU
		{662B6B34-4C45-497F-BECC-F39E2719A7E4}.Debug|Any CPU.ActiveCfg = Debug|Any CPU
		{662B6B34-4C45-497F-BECC-F39E2719A7E4}.Debug|Any CPU.Build.0 = Debug|Any CPU
		{662B6B34-4C45-497F-BECC-F39E2719A7E4}.Release|Any CPU.ActiveCfg = Release|Any CPU
		{662B6B34-4C45-497F-BECC-F39E2719A7E4}.Release|Any CPU.Build.0 = Release|Any CPU
		{3CCEF42A-6A03-4A6D-9D31-A5539F19EBCD}.Debug|Any CPU.ActiveCfg = Debug|Any CPU
		{3CCEF42A-6A03-4A6D-9D31-A5539F19EBCD}.Debug|Any CPU.Build.0 = Debug|Any CPU
		{3CCEF42A-6A03-4A6D-9D31-A5539F19EBCD}.Release|Any CPU.ActiveCfg = Release|Any CPU
		{3CCEF42A-6A03-4A6D-9D31-A5539F19EBCD}.Release|Any CPU.Build.0 = Release|Any CPU
	EndGlobalSection
	GlobalSection(SolutionProperties) = preSolution
		HideSolutionNode = FALSE
	EndGlobalSection
	GlobalSection(NestedProjects) = preSolution
		{5EC563FD-2778-4461-A779-0CC86FDC705A} = {5AE1CC15-4436-41A2-9EA0-77C2D195C638}
		{A203F2B7-173E-427A-A5CC-8F93641098ED} = {5AE1CC15-4436-41A2-9EA0-77C2D195C638}
		{A461730F-6B9C-41BB-862E-13AF364B0F3E} = {5AE1CC15-4436-41A2-9EA0-77C2D195C638}
		{B5B23705-D7F2-45C9-8443-473A84150E7B} = {5AE1CC15-4436-41A2-9EA0-77C2D195C638}
		{CF984F6A-3D05-4049-80C3-928C0DB6992A} = {B5B23705-D7F2-45C9-8443-473A84150E7B}
		{662B6B34-4C45-497F-BECC-F39E2719A7E4} = {B5B23705-D7F2-45C9-8443-473A84150E7B}
		{3CCEF42A-6A03-4A6D-9D31-A5539F19EBCD} = {B5B23705-D7F2-45C9-8443-473A84150E7B}
	EndGlobalSection
EndGlobal
